
Microsoft Visual Studio Solution File, Format Version 12.00
Project("{FAE04EC0-301F-11D3-BF4B-00C04F79EFBC}") = "SMJRegisterAPIV2", "SMJRegisterAPIV2.csproj", "{02B1ABC4-415F-4D78-A36B-B314FF77268A}"
EndProject
Project("{2150E333-8FDC-42A3-9474-1A3956D46DE8}") = "Solution Items", "Solution Items", "{1B93918A-C5D0-4BDD-82CC-FAB029B8D928}"
	ProjectSection(SolutionItems) = preProject
		compose.yaml = compose.yaml
	EndProjectSection
EndProject
Global
	GlobalSection(SolutionConfigurationPlatforms) = preSolution
		Debug|Any CPU = Debug|Any CPU
		Release|Any CPU = Release|Any CPU
	EndGlobalSection
	GlobalSection(ProjectConfigurationPlatforms) = postSolution
		{02B1ABC4-415F-4D78-A36B-B314FF77268A}.Debug|Any CPU.ActiveCfg = Debug|Any CPU
		{02B1ABC4-415F-4D78-A36B-B314FF77268A}.Debug|Any CPU.Build.0 = Debug|Any CPU
		{02B1ABC4-415F-4D78-A36B-B314FF77268A}.Release|Any CPU.ActiveCfg = Release|Any CPU
		{02B1ABC4-415F-4D78-A36B-B314FF77268A}.Release|Any CPU.Build.0 = Release|Any CPU
	EndGlobalSection
EndGlobal
